{
  "name": "background-removal-demo",
  "version": "0.3.0",
  "lockfileVersion": 2,
  "requires": true,
  "packages": {
    "": {
      "name": "background-removal-demo",
      "version": "0.3.0",
      "license": "CC0-1.0",
      "dependencies": {
        "@mediapipe/selfie_segmentation": "^0.1.1632777926"
      }
    },
    "node_modules/@mediapipe/selfie_segmentation": {
      "version": "0.1.1632777926",
      "resolved": "https://registry.npmjs.org/@mediapipe/selfie_segmentation/-/selfie_segmentation-0.1.1632777926.tgz",
      "integrity": "sha512-OSGhYaZsdOXKyY0JCueOflq3ICLNMrBekI2V8vShum8wuoH3xjfEM6NnIujwJ5SlTdZEXi7Up2koOILDgQbWyg=="
    }
  },
  "dependencies": {
    "@mediapipe/selfie_segmentation": {
      "version": "0.1.1632777926",
      "resolved": "https://registry.npmjs.org/@mediapipe/selfie_segmentation/-/selfie_segmentation-0.1.1632777926.tgz",
      "integrity": "sha512-OSGhYaZsdOXKyY0JCueOflq3ICLNMrBekI2V8vShum8wuoH3xjfEM6NnIujwJ5SlTdZEXi7Up2koOILDgQbWyg=="
    }
  }
}
